
Microsoft Visual Studio Solution File, Format Version 12.00
# Visual Studio Version 16
VisualStudioVersion = 16.0.30104.148
MinimumVisualStudioVersion = 10.0.40219.1
Project("{9A19103F-16F7-4668-BE54-9A1E7A4F7556}") = "Crosberg.SignalChop", "SignalChop\Crosberg.SignalChop.csproj", "{B3206B9F-37EE-4422-97CA-80909CD9367E}"
EndProject
Project("{2150E333-8FDC-42A3-9474-1A3956D46DE8}") = "Docs", "Docs", "{28E76617-6CC0-4A8C-947D-D1341E4BCD8E}"
	ProjectSection(SolutionItems) = preProject
		README.md = README.md
	EndProjectSection
EndProject
Project("{FAE04EC0-301F-11D3-BF4B-00C04F79EFBC}") = "Crosberg.SignalChop.Example", "SignalChop.Example\Crosberg.SignalChop.Example.csproj", "{BFE82A1B-FD40-4B0F-979E-E46F1D838898}"
EndProject
Global
	GlobalSection(SolutionConfigurationPlatforms) = preSolution
		Debug|Any CPU = Debug|Any CPU
		Release|Any CPU = Release|Any CPU
	EndGlobalSection
	GlobalSection(ProjectConfigurationPlatforms) = postSolution
		{B3206B9F-37EE-4422-97CA-80909CD9367E}.Debug|Any CPU.ActiveCfg = Debug|Any CPU
		{B3206B9F-37EE-4422-97CA-80909CD9367E}.Debug|Any CPU.Build.0 = Debug|Any CPU
		{B3206B9F-37EE-4422-97CA-80909CD9367E}.Release|Any CPU.ActiveCfg = Release|Any CPU
		{B3206B9F-37EE-4422-97CA-80909CD9367E}.Release|Any CPU.Build.0 = Release|Any CPU
		{BFE82A1B-FD40-4B0F-979E-E46F1D838898}.Debug|Any CPU.ActiveCfg = Debug|Any CPU
		{BFE82A1B-FD40-4B0F-979E-E46F1D838898}.Debug|Any CPU.Build.0 = Debug|Any CPU
		{BFE82A1B-FD40-4B0F-979E-E46F1D838898}.Release|Any CPU.ActiveCfg = Release|Any CPU
		{BFE82A1B-FD40-4B0F-979E-E46F1D838898}.Release|Any CPU.Build.0 = Release|Any CPU
	EndGlobalSection
	GlobalSection(SolutionProperties) = preSolution
		HideSolutionNode = FALSE
	EndGlobalSection
	GlobalSection(ExtensibilityGlobals) = postSolution
		SolutionGuid = {C0721B9A-516D-4F48-8ABE-A63827FB3B04}
	EndGlobalSection
EndGlobal
